// !$*UTF8*$!
{
	archiveVersion = 1;
	classes = {
	};
	objectVersion = 56;
	objects = {

/* Begin PBXBuildFile section */
		E46426502A08BE0F0013570F /* AppDelegate.swift in Sources */ = {isa = PBXBuildFile; fileRef = E464264F2A08BE0F0013570F /* AppDelegate.swift */; };
		E46426522A08BE0F0013570F /* SceneDelegate.swift in Sources */ = {isa = PBXBuildFile; fileRef = E46426512A08BE0F0013570F /* SceneDelegate.swift */; };
		E46426542A08BE0F0013570F /* ViewController.swift in Sources */ = {isa = PBXBuildFile; fileRef = E46426532A08BE0F0013570F /* ViewController.swift */; };
		E46426572A08BE0F0013570F /* Main.storyboard in Resources */ = {isa = PBXBuildFile; fileRef = E46426552A08BE0F0013570F /* Main.storyboard */; };
		E46426592A08BE110013570F /* Assets.xcassets in Resources */ = {isa = PBXBuildFile; fileRef = E46426582A08BE110013570F /* Assets.xcassets */; };
		E464265C2A08BE110013570F /* LaunchScreen.storyboard in Resources */ = {isa = PBXBuildFile; fileRef = E464265A2A08BE110013570F /* LaunchScreen.storyboard */; };
		E46426672A08BE110013570F /* CodingStyleResumeVerifyExperienceTests.swift in Sources */ = {isa = PBXBuildFile; fileRef = E46426662A08BE110013570F /* CodingStyleResumeVerifyExperienceTests.swift */; };
		E46426812A08BE800013570F /* DecoratePatternHelper.swift in Sources */ = {isa = PBXBuildFile; fileRef = E46426802A08BE800013570F /* DecoratePatternHelper.swift */; };
		E46426832A08BFD40013570F /* StatePatternHelper.swift in Sources */ = {isa = PBXBuildFile; fileRef = E46426822A08BFD40013570F /* StatePatternHelper.swift */; };
		E46426852A08BFF30013570F /* DelegatePatternHelper.swift in Sources */ = {isa = PBXBuildFile; fileRef = E46426842A08BFF30013570F /* DelegatePatternHelper.swift */; };
/* End PBXBuildFile section */

/* Begin PBXContainerItemProxy section */
		E46426632A08BE110013570F /* PBXContainerItemProxy */ = {
			isa = PBXContainerItemProxy;
			containerPortal = E46426442A08BE0F0013570F /* Project object */;
			proxyType = 1;
			remoteGlobalIDString = E464264B2A08BE0F0013570F;
			remoteInfo = CodingStyleMyResume;
		};
/* End PBXContainerItemProxy section */

/* Begin PBXFileReference section */
		E464264C2A08BE0F0013570F /* CodingStyleMyResume.app */ = {isa = PBXFileReference; explicitFileType = wrapper.application; includeInIndex = 0; path = CodingStyleMyResume.app; sourceTree = BUILT_PRODUCTS_DIR; };
		E464264F2A08BE0F0013570F /* AppDelegate.swift */ = {isa = PBXFileReference; lastKnownFileType = sourcecode.swift; path = AppDelegate.swift; sourceTree = "<group>"; };
		E46426512A08BE0F0013570F /* SceneDelegate.swift */ = {isa = PBXFileReference; lastKnownFileType = sourcecode.swift; path = SceneDelegate.swift; sourceTree = "<group>"; };
		E46426532A08BE0F0013570F /* ViewController.swift */ = {isa = PBXFileReference; lastKnownFileType = sourcecode.swift; path = ViewController.swift; sourceTree = "<group>"; };
		E46426562A08BE0F0013570F /* Base */ = {isa = PBXFileReference; lastKnownFileType = file.storyboard; name = Base; path = Base.lproj/Main.storyboard; sourceTree = "<group>"; };
		E46426582A08BE110013570F /* Assets.xcassets */ = {isa = PBXFileReference; lastKnownFileType = folder.assetcatalog; path = Assets.xcassets; sourceTree = "<group>"; };
		E464265B2A08BE110013570F /* Base */ = {isa = PBXFileReference; lastKnownFileType = file.storyboard; name = Base; path = Base.lproj/LaunchScreen.storyboard; sourceTree = "<group>"; };
		E464265D2A08BE110013570F /* Info.plist */ = {isa = PBXFileReference; lastKnownFileType = text.plist.xml; path = Info.plist; sourceTree = "<group>"; };
		E46426622A08BE110013570F /* CodingStyleMyResumeTests.xctest */ = {isa = PBXFileReference; explicitFileType = wrapper.cfbundle; includeInIndex = 0; path = CodingStyleMyResumeTests.xctest; sourceTree = BUILT_PRODUCTS_DIR; };
		E46426662A08BE110013570F /* CodingStyleResumeVerifyExperienceTests.swift */ = {isa = PBXFileReference; lastKnownFileType = sourcecode.swift; path = CodingStyleResumeVerifyExperienceTests.swift; sourceTree = "<group>"; };
		E464267F2A08BE3C0013570F /* README.md */ = {isa = PBXFileReference; lastKnownFileType = net.daringfireball.markdown; path = README.md; sourceTree = "<group>"; };
		E46426802A08BE800013570F /* DecoratePatternHelper.swift */ = {isa = PBXFileReference; lastKnownFileType = sourcecode.swift; path = DecoratePatternHelper.swift; sourceTree = "<group>"; };
		E46426822A08BFD40013570F /* StatePatternHelper.swift */ = {isa = PBXFileReference; lastKnownFileType = sourcecode.swift; path = StatePatternHelper.swift; sourceTree = "<group>"; };
		E46426842A08BFF30013570F /* DelegatePatternHelper.swift */ = {isa = PBXFileReference; lastKnownFileType = sourcecode.swift; path = DelegatePatternHelper.swift; sourceTree = "<group>"; };
/* End PBXFileReference section */

/* Begin PBXFrameworksBuildPhase section */
		E46426492A08BE0F0013570F /* Frameworks */ = {
			isa = PBXFrameworksBuildPhase;
			buildActionMask = 2147483647;
			files = (
			);
			runOnlyForDeploymentPostprocessing = 0;
		};
		E464265F2A08BE110013570F /* Frameworks */ = {
			isa = PBXFrameworksBuildPhase;
			buildActionMask = 2147483647;
			files = (
			);
			runOnlyForDeploymentPostprocessing = 0;
		};
/* End PBXFrameworksBuildPhase section */

/* Begin PBXGroup section */
		E46426432A08BE0F0013570F = {
			isa = PBXGroup;
			children = (
				E464267F2A08BE3C0013570F /* README.md */,
				E464264E2A08BE0F0013570F /* CodingStyleMyResume */,
				E46426652A08BE110013570F /* CodingStyleMyResumeTests */,
				E464264D2A08BE0F0013570F /* Products */,
			);
			sourceTree = "<group>";
		};
		E464264D2A08BE0F0013570F /* Products */ = {
			isa = PBXGroup;
			children = (
				E464264C2A08BE0F0013570F /* CodingStyleMyResume.app */,
				E46426622A08BE110013570F /* CodingStyleMyResumeTests.xctest */,
			);
			name = Products;
			sourceTree = "<group>";
		};
		E464264E2A08BE0F0013570F /* CodingStyleMyResume */ = {
			isa = PBXGroup;
			children = (
				E464264F2A08BE0F0013570F /* AppDelegate.swift */,
				E46426512A08BE0F0013570F /* SceneDelegate.swift */,
				E46426532A08BE0F0013570F /* ViewController.swift */,
				E46426552A08BE0F0013570F /* Main.storyboard */,
				E46426582A08BE110013570F /* Assets.xcassets */,
				E464265A2A08BE110013570F /* LaunchScreen.storyboard */,
				E464265D2A08BE110013570F /* Info.plist */,
			);
			path = CodingStyleMyResume;
			sourceTree = "<group>";
		};
		E46426652A08BE110013570F /* CodingStyleMyResumeTests */ = {
			isa = PBXGroup;
			children = (
				E46426662A08BE110013570F /* CodingStyleResumeVerifyExperienceTests.swift */,
				E46426822A08BFD40013570F /* StatePatternHelper.swift */,
				E46426802A08BE800013570F /* DecoratePatternHelper.swift */,
				E46426842A08BFF30013570F /* DelegatePatternHelper.swift */,
			);
			path = CodingStyleMyResumeTests;
			sourceTree = "<group>";
		};
/* End PBXGroup section */

/* Begin PBXNativeTarget section */
		E464264B2A08BE0F0013570F /* CodingStyleMyResume */ = {
			isa = PBXNativeTarget;
			buildConfigurationList = E46426762A08BE110013570F /* Build configuration list for PBXNativeTarget "CodingStyleMyResume" */;
			buildPhases = (
				E46426482A08BE0F0013570F /* Sources */,
				E46426492A08BE0F0013570F /* Frameworks */,
				E464264A2A08BE0F0013570F /* Resources */,
			);
			buildRules = (
			);
			dependencies = (
			);
			name = CodingStyleMyResume;
			productName = CodingStyleMyResume;
			productReference = E464264C2A08BE0F0013570F /* CodingStyleMyResume.app */;
			productType = "com.apple.product-type.application";
		};
		E46426612A08BE110013570F /* CodingStyleMyResumeTests */ = {
			isa = PBXNativeTarget;
			buildConfigurationList = E46426792A08BE110013570F /* Build configuration list for PBXNativeTarget "CodingStyleMyResumeTests" */;
			buildPhases = (
				E464265E2A08BE110013570F /* Sources */,
				E464265F2A08BE110013570F /* Frameworks */,
				E46426602A08BE110013570F /* Resources */,
			);
			buildRules = (
			);
			dependencies = (
				E46426642A08BE110013570F /* PBXTargetDependency */,
			);
			name = CodingStyleMyResumeTests;
			productName = CodingStyleMyResumeTests;
			productReference = E46426622A08BE110013570F /* CodingStyleMyResumeTests.xctest */;
			productType = "com.apple.product-type.bundle.unit-test";
		};
/* End PBXNativeTarget section */

/* Begin PBXProject section */
		E46426442A08BE0F0013570F /* Project object */ = {
			isa = PBXProject;
			attributes = {
				BuildIndependentTargetsInParallel = 1;
				LastSwiftUpdateCheck = 1430;
				LastUpgradeCheck = 1430;
				TargetAttributes = {
					E464264B2A08BE0F0013570F = {
						CreatedOnToolsVersion = 14.3;
					};
					E46426612A08BE110013570F = {
						CreatedOnToolsVersion = 14.3;
						TestTargetID = E464264B2A08BE0F0013570F;
					};
				};
			};
			buildConfigurationList = E46426472A08BE0F0013570F /* Build configuration list for PBXProject "CodingStyleMyResume" */;
			compatibilityVersion = "Xcode 14.0";
			developmentRegion = en;
			hasScannedForEncodings = 0;
			knownRegions = (
				en,
				Base,
			);
			mainGroup = E46426432A08BE0F0013570F;
			productRefGroup = E464264D2A08BE0F0013570F /* Products */;
			projectDirPath = "";
			projectRoot = "";
			targets = (
				E464264B2A08BE0F0013570F /* CodingStyleMyResume */,
				E46426612A08BE110013570F /* CodingStyleMyResumeTests */,
			);
		};
/* End PBXProject section */

/* Begin PBXResourcesBuildPhase section */
		E464264A2A08BE0F0013570F /* Resources */ = {
			isa = PBXResourcesBuildPhase;
			buildActionMask = 2147483647;
			files = (
				E464265C2A08BE110013570F /* LaunchScreen.storyboard in Resources */,
				E46426592A08BE110013570F /* Assets.xcassets in Resources */,
				E46426572A08BE0F0013570F /* Main.storyboard in Resources */,
			);
			runOnlyForDeploymentPostprocessing = 0;
		};
		E46426602A08BE110013570F /* Resources */ = {
			isa = PBXResourcesBuildPhase;
			buildActionMask = 2147483647;
			files = (
			);
			runOnlyForDeploymentPostprocessing = 0;
		};
/* End PBXResourcesBuildPhase section */

/* Begin PBXSourcesBuildPhase section */
		E46426482A08BE0F0013570F /* Sources */ = {
			isa = PBXSourcesBuildPhase;
			buildActionMask = 2147483647;
			files = (
				E46426542A08BE0F0013570F /* ViewController.swift in Sources */,
				E46426502A08BE0F0013570F /* AppDelegate.swift in Sources */,
				E46426522A08BE0F0013570F /* SceneDelegate.swift in Sources */,
			);
			runOnlyForDeploymentPostprocessing = 0;
		};
		E464265E2A08BE110013570F /* Sources */ = {
			isa = PBXSourcesBuildPhase;
			buildActionMask = 2147483647;
			files = (
				E46426672A08BE110013570F /* CodingStyleResumeVerifyExperienceTests.swift in Sources */,
				E46426832A08BFD40013570F /* StatePatternHelper.swift in Sources */,
				E46426812A08BE800013570F /* DecoratePatternHelper.swift in Sources */,
				E46426852A08BFF30013570F /* DelegatePatternHelper.swift in Sources */,
			);
			runOnlyForDeploymentPostprocessing = 0;
		};
/* End PBXSourcesBuildPhase section */

/* Begin PBXTargetDependency section */
		E46426642A08BE110013570F /* PBXTargetDependency */ = {
			isa = PBXTargetDependency;
			target = E464264B2A08BE0F0013570F /* CodingStyleMyResume */;
			targetProxy = E46426632A08BE110013570F /* PBXContainerItemProxy */;
		};
/* End PBXTargetDependency section */

/* Begin PBXVariantGroup section */
		E46426552A08BE0F0013570F /* Main.storyboard */ = {
			isa = PBXVariantGroup;
			children = (
				E46426562A08BE0F0013570F /* Base */,
			);
			name = Main.storyboard;
			sourceTree = "<group>";
		};
		E464265A2A08BE110013570F /* LaunchScreen.storyboard */ = {
			isa = PBXVariantGroup;
			children = (
				E464265B2A08BE110013570F /* Base */,
			);
			name = LaunchScreen.storyboard;
			sourceTree = "<group>";
		};
/* End PBXVariantGroup section */

/* Begin XCBuildConfiguration section */
		E46426742A08BE110013570F /* Debug */ = {
			isa = XCBuildConfiguration;
			buildSettings = {
				ALWAYS_SEARCH_USER_PATHS = NO;
				CLANG_ANALYZER_NONNULL = YES;
				CLANG_ANALYZER_NUMBER_OBJECT_CONVERSION = YES_AGGRESSIVE;
				CLANG_CXX_LANGUAGE_STANDARD = "gnu++20";
				CLANG_ENABLE_MODULES = YES;
				CLANG_ENABLE_OBJC_ARC = YES;
				CLANG_ENABLE_OBJC_WEAK = YES;
				CLANG_WARN_BLOCK_CAPTURE_AUTORELEASING = YES;
				CLANG_WARN_BOOL_CONVERSION = YES;
				CLANG_WARN_COMMA = YES;
				CLANG_WARN_CONSTANT_CONVERSION = YES;
				CLANG_WARN_DEPRECATED_OBJC_IMPLEMENTATIONS = YES;
				CLANG_WARN_DIRECT_OBJC_ISA_USAGE = YES_ERROR;
				CLANG_WARN_DOCUMENTATION_COMMENTS = YES;
				CLANG_WARN_EMPTY_BODY = YES;
				CLANG_WARN_ENUM_CONVERSION = YES;
				CLANG_WARN_INFINITE_RECURSION = YES;
				CLANG_WARN_INT_CONVERSION = YES;
				CLANG_WARN_NON_LITERAL_NULL_CONVERSION = YES;
				CLANG_WARN_OBJC_IMPLICIT_RETAIN_SELF = YES;
				CLANG_WARN_OBJC_LITERAL_CONVERSION = YES;
				CLANG_WARN_OBJC_ROOT_CLASS = YES_ERROR;
				CLANG_WARN_QUOTED_INCLUDE_IN_FRAMEWORK_HEADER = YES;
				CLANG_WARN_RANGE_LOOP_ANALYSIS = YES;
				CLANG_WARN_STRICT_PROTOTYPES = YES;
				CLANG_WARN_SUSPICIOUS_MOVE = YES;
				CLANG_WARN_UNGUARDED_AVAILABILITY = YES_AGGRESSIVE;
				CLANG_WARN_UNREACHABLE_CODE = YES;
				CLANG_WARN__DUPLICATE_METHOD_MATCH = YES;
				COPY_PHASE_STRIP = NO;
				DEBUG_INFORMATION_FORMAT = dwarf;
				ENABLE_STRICT_OBJC_MSGSEND = YES;
				ENABLE_TESTABILITY = YES;
				GCC_C_LANGUAGE_STANDARD = gnu11;
				GCC_DYNAMIC_NO_PIC = NO;
				GCC_NO_COMMON_BLOCKS = YES;
				GCC_OPTIMIZATION_LEVEL = 0;
				GCC_PREPROCESSOR_DEFINITIONS = (
					"DEBUG=1",
					"$(inherited)",
				);
				GCC_WARN_64_TO_32_BIT_CONVERSION = YES;
				GCC_WARN_ABOUT_RETURN_TYPE = YES_ERROR;
				GCC_WARN_UNDECLARED_SELECTOR = YES;
				GCC_WARN_UNINITIALIZED_AUTOS = YES_AGGRESSIVE;
				GCC_WARN_UNUSED_FUNCTION = YES;
				GCC_WARN_UNUSED_VARIABLE = YES;
				IPHONEOS_DEPLOYMENT_TARGET = 16.4;
				MTL_ENABLE_DEBUG_INFO = INCLUDE_SOURCE;
				MTL_FAST_MATH = YES;
				ONLY_ACTIVE_ARCH = YES;
				SDKROOT = iphoneos;
				SWIFT_ACTIVE_COMPILATION_CONDITIONS = DEBUG;
				SWIFT_OPTIMIZATION_LEVEL = "-Onone";
			};
			name = Debug;
		};
		E46426752A08BE110013570F /* Release */ = {
			isa = XCBuildConfiguration;
			buildSettings = {
				ALWAYS_SEARCH_USER_PATHS = NO;
				CLANG_ANALYZER_NONNULL = YES;
				CLANG_ANALYZER_NUMBER_OBJECT_CONVERSION = YES_AGGRESSIVE;
				CLANG_CXX_LANGUAGE_STANDARD = "gnu++20";
				CLANG_ENABLE_MODULES = YES;
				CLANG_ENABLE_OBJC_ARC = YES;
				CLANG_ENABLE_OBJC_WEAK = YES;
				CLANG_WARN_BLOCK_CAPTURE_AUTORELEASING = YES;
				CLANG_WARN_BOOL_CONVERSION = YES;
				CLANG_WARN_COMMA = YES;
				CLANG_WARN_CONSTANT_CONVERSION = YES;
				CLANG_WARN_DEPRECATED_OBJC_IMPLEMENTATIONS = YES;
				CLANG_WARN_DIRECT_OBJC_ISA_USAGE = YES_ERROR;
				CLANG_WARN_DOCUMENTATION_COMMENTS = YES;
				CLANG_WARN_EMPTY_BODY = YES;
				CLANG_WARN_ENUM_CONVERSION = YES;
				CLANG_WARN_INFINITE_RECURSION = YES;
				CLANG_WARN_INT_CONVERSION = YES;
				CLANG_WARN_NON_LITERAL_NULL_CONVERSION = YES;
				CLANG_WARN_OBJC_IMPLICIT_RETAIN_SELF = YES;
				CLANG_WARN_OBJC_LITERAL_CONVERSION = YES;
				CLANG_WARN_OBJC_ROOT_CLASS = YES_ERROR;
				CLANG_WARN_QUOTED_INCLUDE_IN_FRAMEWORK_HEADER = YES;
				CLANG_WARN_RANGE_LOOP_ANALYSIS = YES;
				CLANG_WARN_STRICT_PROTOTYPES = YES;
				CLANG_WARN_SUSPICIOUS_MOVE = YES;
				CLANG_WARN_UNGUARDED_AVAILABILITY = YES_AGGRESSIVE;
				CLANG_WARN_UNREACHABLE_CODE = YES;
				CLANG_WARN__DUPLICATE_METHOD_MATCH = YES;
				COPY_PHASE_STRIP = NO;
				DEBUG_INFORMATION_FORMAT = "dwarf-with-dsym";
				ENABLE_NS_ASSERTIONS = NO;
				ENABLE_STRICT_OBJC_MSGSEND = YES;
				GCC_C_LANGUAGE_STANDARD = gnu11;
				GCC_NO_COMMON_BLOCKS = YES;
				GCC_WARN_64_TO_32_BIT_CONVERSION = YES;
				GCC_WARN_ABOUT_RETURN_TYPE = YES_ERROR;
				GCC_WARN_UNDECLARED_SELECTOR = YES;
				GCC_WARN_UNINITIALIZED_AUTOS = YES_AGGRESSIVE;
				GCC_WARN_UNUSED_FUNCTION = YES;
				GCC_WARN_UNUSED_VARIABLE = YES;
				IPHONEOS_DEPLOYMENT_TARGET = 16.4;
				MTL_ENABLE_DEBUG_INFO = NO;
				MTL_FAST_MATH = YES;
				SDKROOT = iphoneos;
				SWIFT_COMPILATION_MODE = wholemodule;
				SWIFT_OPTIMIZATION_LEVEL = "-O";
				VALIDATE_PRODUCT = YES;
			};
			name = Release;
		};
		E46426772A08BE110013570F /* Debug */ = {
			isa = XCBuildConfiguration;
			buildSettings = {
				ASSETCATALOG_COMPILER_APPICON_NAME = AppIcon;
				ASSETCATALOG_COMPILER_GLOBAL_ACCENT_COLOR_NAME = AccentColor;
				CODE_SIGN_STYLE = Automatic;
				CURRENT_PROJECT_VERSION = 1;
				GENERATE_INFOPLIST_FILE = YES;
				INFOPLIST_FILE = CodingStyleMyResume/Info.plist;
				INFOPLIST_KEY_UIApplicationSupportsIndirectInputEvents = YES;
				INFOPLIST_KEY_UILaunchStoryboardName = LaunchScreen;
				INFOPLIST_KEY_UIMainStoryboardFile = Main;
				INFOPLIST_KEY_UISupportedInterfaceOrientations_iPad = "UIInterfaceOrientationPortrait UIInterfaceOrientationPortraitUpsideDown UIInterfaceOrientationLandscapeLeft UIInterfaceOrientationLandscapeRight";
				INFOPLIST_KEY_UISupportedInterfaceOrientations_iPhone = "UIInterfaceOrientationPortrait UIInterfaceOrientationLandscapeLeft UIInterfaceOrientationLandscapeRight";
				LD_RUNPATH_SEARCH_PATHS = (
					"$(inherited)",
					"@executable_path/Frameworks",
				);
				MARKETING_VERSION = 1.0;
				PRODUCT_BUNDLE_IDENTIFIER = com.shawnhuang.www.CodingStyleMyResume;
				PRODUCT_NAME = "$(TARGET_NAME)";
				SWIFT_EMIT_LOC_STRINGS = YES;
				SWIFT_VERSION = 5.0;
				TARGETED_DEVICE_FAMILY = "1,2";
			};
			name = Debug;
		};
		E46426782A08BE110013570F /* Release */ = {
			isa = XCBuildConfiguration;
			buildSettings = {
				ASSETCATALOG_COMPILER_APPICON_NAME = AppIcon;
				ASSETCATALOG_COMPILER_GLOBAL_ACCENT_COLOR_NAME = AccentColor;
				CODE_SIGN_STYLE = Automatic;
				CURRENT_PROJECT_VERSION = 1;
				GENERATE_INFOPLIST_FILE = YES;
				INFOPLIST_FILE = CodingStyleMyResume/Info.plist;
				INFOPLIST_KEY_UIApplicationSupportsIndirectInputEvents = YES;
				INFOPLIST_KEY_UILaunchStoryboardName = LaunchScreen;
				INFOPLIST_KEY_UIMainStoryboardFile = Main;
				INFOPLIST_KEY_UISupportedInterfaceOrientations_iPad = "UIInterfaceOrientationPortrait UIInterfaceOrientationPortraitUpsideDown UIInterfaceOrientationLandscapeLeft UIInterfaceOrientationLandscapeRight";
				INFOPLIST_KEY_UISupportedInterfaceOrientations_iPhone = "UIInterfaceOrientationPortrait UIInterfaceOrientationLandscapeLeft UIInterfaceOrientationLandscapeRight";
				LD_RUNPATH_SEARCH_PATHS = (
					"$(inherited)",
					"@executable_path/Frameworks",
				);
				MARKETING_VERSION = 1.0;
				PRODUCT_BUNDLE_IDENTIFIER = com.shawnhuang.www.CodingStyleMyResume;
				PRODUCT_NAME = "$(TARGET_NAME)";
				SWIFT_EMIT_LOC_STRINGS = YES;
				SWIFT_VERSION = 5.0;
				TARGETED_DEVICE_FAMILY = "1,2";
			};
			name = Release;
		};
		E464267A2A08BE110013570F /* Debug */ = {
			isa = XCBuildConfiguration;
			buildSettings = {
				ALWAYS_EMBED_SWIFT_STANDARD_LIBRARIES = YES;
				BUNDLE_LOADER = "$(TEST_HOST)";
				CODE_SIGN_STYLE = Automatic;
				CURRENT_PROJECT_VERSION = 1;
				GENERATE_INFOPLIST_FILE = YES;
				IPHONEOS_DEPLOYMENT_TARGET = 16.4;
				MARKETING_VERSION = 1.0;
				PRODUCT_BUNDLE_IDENTIFIER = com.shawnhuang.www.CodingStyleMyResumeTests;
				PRODUCT_NAME = "$(TARGET_NAME)";
				SWIFT_EMIT_LOC_STRINGS = NO;
				SWIFT_VERSION = 5.0;
				TARGETED_DEVICE_FAMILY = "1,2";
				TEST_HOST = "$(BUILT_PRODUCTS_DIR)/CodingStyleMyResume.app/$(BUNDLE_EXECUTABLE_FOLDER_PATH)/CodingStyleMyResume";
			};
			name = Debug;
		};
		E464267B2A08BE110013570F /* Release */ = {
			isa = XCBuildConfiguration;
			buildSettings = {
				ALWAYS_EMBED_SWIFT_STANDARD_LIBRARIES = YES;
				BUNDLE_LOADER = "$(TEST_HOST)";
				CODE_SIGN_STYLE = Automatic;
				CURRENT_PROJECT_VERSION = 1;
				GENERATE_INFOPLIST_FILE = YES;
				IPHONEOS_DEPLOYMENT_TARGET = 16.4;
				MARKETING_VERSION = 1.0;
				PRODUCT_BUNDLE_IDENTIFIER = com.shawnhuang.www.CodingStyleMyResumeTests;
				PRODUCT_NAME = "$(TARGET_NAME)";
				SWIFT_EMIT_LOC_STRINGS = NO;
				SWIFT_VERSION = 5.0;
				TARGETED_DEVICE_FAMILY = "1,2";
				TEST_HOST = "$(BUILT_PRODUCTS_DIR)/CodingStyleMyResume.app/$(BUNDLE_EXECUTABLE_FOLDER_PATH)/CodingStyleMyResume";
			};
			name = Release;
		};
/* End XCBuildConfiguration section */

/* Begin XCConfigurationList section */
		E46426472A08BE0F0013570F /* Build configuration list for PBXProject "CodingStyleMyResume" */ = {
			isa = XCConfigurationList;
			buildConfigurations = (
				E46426742A08BE110013570F /* Debug */,
				E46426752A08BE110013570F /* Release */,
			);
			defaultConfigurationIsVisible = 0;
			defaultConfigurationName = Release;
		};
		E46426762A08BE110013570F /* Build configuration list for PBXNativeTarget "CodingStyleMyResume" */ = {
			isa = XCConfigurationList;
			buildConfigurations = (
				E46426772A08BE110013570F /* Debug */,
				E46426782A08BE110013570F /* Release */,
			);
			defaultConfigurationIsVisible = 0;
			defaultConfigurationName = Release;
		};
		E46426792A08BE110013570F /* Build configuration list for PBXNativeTarget "CodingStyleMyResumeTests" */ = {
			isa = XCConfigurationList;
			buildConfigurations = (
				E464267A2A08BE110013570F /* Debug */,
				E464267B2A08BE110013570F /* Release */,
			);
			defaultConfigurationIsVisible = 0;
			defaultConfigurationName = Release;
		};
/* End XCConfigurationList section */
	};
	rootObject = E46426442A08BE0F0013570F /* Project object */;
}
